
Microsoft Visual Studio Solution File, Format Version 12.00
# Visual Studio Version 16
VisualStudioVersion = 16.0.28803.452
MinimumVisualStudioVersion = 10.0.40219.1
Project("{FAE04EC0-301F-11D3-BF4B-00C04F79EFBC}") = "ExcersizeRPGDesktopTest", "ExcersizeRPGDesktopTest\ExcersizeRPGDesktopTest.csproj", "{DDB75C8C-3F20-4D66-9D65-8F50A470F4DD}"
EndProject
Global
	GlobalSection(SolutionConfigurationPlatforms) = preSolution
		Debug|Any CPU = Debug|Any CPU
		Release|Any CPU = Release|Any CPU
	EndGlobalSection
	GlobalSection(ProjectConfigurationPlatforms) = postSolution
		{DDB75C8C-3F20-4D66-9D65-8F50A470F4DD}.Debug|Any CPU.ActiveCfg = Debug|Any CPU
		{DDB75C8C-3F20-4D66-9D65-8F50A470F4DD}.Debug|Any CPU.Build.0 = Debug|Any CPU
		{DDB75C8C-3F20-4D66-9D65-8F50A470F4DD}.Release|Any CPU.ActiveCfg = Release|Any CPU
		{DDB75C8C-3F20-4D66-9D65-8F50A470F4DD}.Release|Any CPU.Build.0 = Release|Any CPU
	EndGlobalSection
	GlobalSection(SolutionProperties) = preSolution
		HideSolutionNode = FALSE
	EndGlobalSection
	GlobalSection(ExtensibilityGlobals) = postSolution
		SolutionGuid = {FA7A5DA8-A069-4BAF-B4EB-CC5C19E5DB56}
	EndGlobalSection
EndGlobal
